// !$*UTF8*$!
{
	archiveVersion = 1;
	classes = {
	};
	objectVersion = 46;
	objects = {

/* Begin PBXBuildFile section */
		000398371ADE3F9400A718EB /* main.m in Sources */ = {isa = PBXBuildFile; fileRef = 000398361ADE3F9400A718EB /* main.m */; };
		0003983A1ADE3F9400A718EB /* AppDelegate.m in Sources */ = {isa = PBXBuildFile; fileRef = 000398391ADE3F9400A718EB /* AppDelegate.m */; };
		0003983D1ADE3F9400A718EB /* ViewController.m in Sources */ = {isa = PBXBuildFile; fileRef = 0003983C1ADE3F9400A718EB /* ViewController.m */; };
		000398401ADE3F9400A718EB /* Main.storyboard in Resources */ = {isa = PBXBuildFile; fileRef = 0003983E1ADE3F9400A718EB /* Main.storyboard */; };
		000398421ADE3F9400A718EB /* Images.xcassets in Resources */ = {isa = PBXBuildFile; fileRef = 000398411ADE3F9400A718EB /* Images.xcassets */; };
		000398451ADE3F9400A718EB /* LaunchScreen.xib in Resources */ = {isa = PBXBuildFile; fileRef = 000398431ADE3F9400A718EB /* LaunchScreen.xib */; };
		000398511ADE3F9400A718EB /* MultiWaySildeBarTests.m in Sources */ = {isa = PBXBuildFile; fileRef = 000398501ADE3F9400A718EB /* MultiWaySildeBarTests.m */; };
/* End PBXBuildFile section */

/* Begin PBXContainerItemProxy section */
		0003984B1ADE3F9400A718EB /* PBXContainerItemProxy */ = {
			isa = PBXContainerItemProxy;
			containerPortal = 000398291ADE3F9400A718EB /* Project object */;
			proxyType = 1;
			remoteGlobalIDString = 000398301ADE3F9400A718EB;
			remoteInfo = MultiWaySildeBar;
		};
/* End PBXContainerItemProxy section */

/* Begin PBXFileReference section */
		000398311ADE3F9400A718EB /* MultiWaySildeBar.app */ = {isa = PBXFileReference; explicitFileType = wrapper.application; includeInIndex = 0; path = MultiWaySildeBar.app; sourceTree = BUILT_PRODUCTS_DIR; };
		000398351ADE3F9400A718EB /* Info.plist */ = {isa = PBXFileReference; lastKnownFileType = text.plist.xml; path = Info.plist; sourceTree = "<group>"; };
		000398361ADE3F9400A718EB /* main.m */ = {isa = PBXFileReference; lastKnownFileType = sourcecode.c.objc; path = main.m; sourceTree = "<group>"; };
		000398381ADE3F9400A718EB /* AppDelegate.h */ = {isa = PBXFileReference; lastKnownFileType = sourcecode.c.h; path = AppDelegate.h; sourceTree = "<group>"; };
		000398391ADE3F9400A718EB /* AppDelegate.m */ = {isa = PBXFileReference; lastKnownFileType = sourcecode.c.objc; path = AppDelegate.m; sourceTree = "<group>"; };
		0003983B1ADE3F9400A718EB /* ViewController.h */ = {isa = PBXFileReference; lastKnownFileType = sourcecode.c.h; path = ViewController.h; sourceTree = "<group>"; };
		0003983C1ADE3F9400A718EB /* ViewController.m */ = {isa = PBXFileReference; lastKnownFileType = sourcecode.c.objc; path = ViewController.m; sourceTree = "<group>"; };
		0003983F1ADE3F9400A718EB /* Base */ = {isa = PBXFileReference; lastKnownFileType = file.storyboard; name = Base; path = Base.lproj/Main.storyboard; sourceTree = "<group>"; };
		000398411ADE3F9400A718EB /* Images.xcassets */ = {isa = PBXFileReference; lastKnownFileType = folder.assetcatalog; path = Images.xcassets; sourceTree = "<group>"; };
		000398441ADE3F9400A718EB /* Base */ = {isa = PBXFileReference; lastKnownFileType = file.xib; name = Base; path = Base.lproj/LaunchScreen.xib; sourceTree = "<group>"; };
		0003984A1ADE3F9400A718EB /* MultiWaySildeBarTests.xctest */ = {isa = PBXFileReference; explicitFileType = wrapper.cfbundle; includeInIndex = 0; path = MultiWaySildeBarTests.xctest; sourceTree = BUILT_PRODUCTS_DIR; };
		0003984F1ADE3F9400A718EB /* Info.plist */ = {isa = PBXFileReference; lastKnownFileType = text.plist.xml; path = Info.plist; sourceTree = "<group>"; };
		000398501ADE3F9400A718EB /* MultiWaySildeBarTests.m */ = {isa = PBXFileReference; lastKnownFileType = sourcecode.c.objc; path = MultiWaySildeBarTests.m; sourceTree = "<group>"; };
/* End PBXFileReference section */

/* Begin PBXFrameworksBuildPhase section */
		0003982E1ADE3F9400A718EB /* Frameworks */ = {
			isa = PBXFrameworksBuildPhase;
			buildActionMask = 2147483647;
			files = (
			);
			runOnlyForDeploymentPostprocessing = 0;
		};
		000398471ADE3F9400A718EB /* Frameworks */ = {
			isa = PBXFrameworksBuildPhase;
			buildActionMask = 2147483647;
			files = (
			);
			runOnlyForDeploymentPostprocessing = 0;
		};
/* End PBXFrameworksBuildPhase section */

/* Begin PBXGroup section */
		000398281ADE3F9400A718EB = {
			isa = PBXGroup;
			children = (
				000398331ADE3F9400A718EB /* MultiWaySildeBar */,
				0003984D1ADE3F9400A718EB /* MultiWaySildeBarTests */,
				000398321ADE3F9400A718EB /* Products */,
			);
			sourceTree = "<group>";
		};
		000398321ADE3F9400A718EB /* Products */ = {
			isa = PBXGroup;
			children = (
				000398311ADE3F9400A718EB /* MultiWaySildeBar.app */,
				0003984A1ADE3F9400A718EB /* MultiWaySildeBarTests.xctest */,
			);
			name = Products;
			sourceTree = "<group>";
		};
		000398331ADE3F9400A718EB /* MultiWaySildeBar */ = {
			isa = PBXGroup;
			children = (
				000398381ADE3F9400A718EB /* AppDelegate.h */,
				000398391ADE3F9400A718EB /* AppDelegate.m */,
				0003983B1ADE3F9400A718EB /* ViewController.h */,
				0003983C1ADE3F9400A718EB /* ViewController.m */,
				0003983E1ADE3F9400A718EB /* Main.storyboard */,
				000398411ADE3F9400A718EB /* Images.xcassets */,
				000398431ADE3F9400A718EB /* LaunchScreen.xib */,
				000398341ADE3F9400A718EB /* Supporting Files */,
			);
			path = MultiWaySildeBar;
			sourceTree = "<group>";
		};
		000398341ADE3F9400A718EB /* Supporting Files */ = {
			isa = PBXGroup;
			children = (
				000398351ADE3F9400A718EB /* Info.plist */,
				000398361ADE3F9400A718EB /* main.m */,
			);
			name = "Supporting Files";
			sourceTree = "<group>";
		};
		0003984D1ADE3F9400A718EB /* MultiWaySildeBarTests */ = {
			isa = PBXGroup;
			children = (
				000398501ADE3F9400A718EB /* MultiWaySildeBarTests.m */,
				0003984E1ADE3F9400A718EB /* Supporting Files */,
			);
			path = MultiWaySildeBarTests;
			sourceTree = "<group>";
		};
		0003984E1ADE3F9400A718EB /* Supporting Files */ = {
			isa = PBXGroup;
			children = (
				0003984F1ADE3F9400A718EB /* Info.plist */,
			);
			name = "Supporting Files";
			sourceTree = "<group>";
		};
/* End PBXGroup section */

/* Begin PBXNativeTarget section */
		000398301ADE3F9400A718EB /* MultiWaySildeBar */ = {
			isa = PBXNativeTarget;
			buildConfigurationList = 000398541ADE3F9400A718EB /* Build configuration list for PBXNativeTarget "MultiWaySildeBar" */;
			buildPhases = (
				0003982D1ADE3F9400A718EB /* Sources */,
				0003982E1ADE3F9400A718EB /* Frameworks */,
				0003982F1ADE3F9400A718EB /* Resources */,
			);
			buildRules = (
			);
			dependencies = (
			);
			name = MultiWaySildeBar;
			productName = MultiWaySildeBar;
			productReference = 000398311ADE3F9400A718EB /* MultiWaySildeBar.app */;
			productType = "com.apple.product-type.application";
		};
		000398491ADE3F9400A718EB /* MultiWaySildeBarTests */ = {
			isa = PBXNativeTarget;
			buildConfigurationList = 000398571ADE3F9400A718EB /* Build configuration list for PBXNativeTarget "MultiWaySildeBarTests" */;
			buildPhases = (
				000398461ADE3F9400A718EB /* Sources */,
				000398471ADE3F9400A718EB /* Frameworks */,
				000398481ADE3F9400A718EB /* Resources */,
			);
			buildRules = (
			);
			dependencies = (
				0003984C1ADE3F9400A718EB /* PBXTargetDependency */,
			);
			name = MultiWaySildeBarTests;
			productName = MultiWaySildeBarTests;
			productReference = 0003984A1ADE3F9400A718EB /* MultiWaySildeBarTests.xctest */;
			productType = "com.apple.product-type.bundle.unit-test";
		};
/* End PBXNativeTarget section */

/* Begin PBXProject section */
		000398291ADE3F9400A718EB /* Project object */ = {
			isa = PBXProject;
			attributes = {
				LastUpgradeCheck = 0620;
				ORGANIZATIONNAME = David;
				TargetAttributes = {
					000398301ADE3F9400A718EB = {
						CreatedOnToolsVersion = 6.2;
					};
					000398491ADE3F9400A718EB = {
						CreatedOnToolsVersion = 6.2;
						TestTargetID = 000398301ADE3F9400A718EB;
					};
				};
			};
			buildConfigurationList = 0003982C1ADE3F9400A718EB /* Build configuration list for PBXProject "MultiWaySildeBar" */;
			compatibilityVersion = "Xcode 3.2";
			developmentRegion = English;
			hasScannedForEncodings = 0;
			knownRegions = (
				en,
				Base,
			);
			mainGroup = 000398281ADE3F9400A718EB;
			productRefGroup = 000398321ADE3F9400A718EB /* Products */;
			projectDirPath = "";
			projectRoot = "";
			targets = (
				000398301ADE3F9400A718EB /* MultiWaySildeBar */,
				000398491ADE3F9400A718EB /* MultiWaySildeBarTests */,
			);
		};
/* End PBXProject section */

/* Begin PBXResourcesBuildPhase section */
		0003982F1ADE3F9400A718EB /* Resources */ = {
			isa = PBXResourcesBuildPhase;
			buildActionMask = 2147483647;
			files = (
				000398401ADE3F9400A718EB /* Main.storyboard in Resources */,
				000398451ADE3F9400A718EB /* LaunchScreen.xib in Resources */,
				000398421ADE3F9400A718EB /* Images.xcassets in Resources */,
			);
			runOnlyForDeploymentPostprocessing = 0;
		};
		000398481ADE3F9400A718EB /* Resources */ = {
			isa = PBXResourcesBuildPhase;
			buildActionMask = 2147483647;
			files = (
			);
			runOnlyForDeploymentPostprocessing = 0;
		};
/* End PBXResourcesBuildPhase section */

/* Begin PBXSourcesBuildPhase section */
		0003982D1ADE3F9400A718EB /* Sources */ = {
			isa = PBXSourcesBuildPhase;
			buildActionMask = 2147483647;
			files = (
				0003983D1ADE3F9400A718EB /* ViewController.m in Sources */,
				0003983A1ADE3F9400A718EB /* AppDelegate.m in Sources */,
				000398371ADE3F9400A718EB /* main.m in Sources */,
			);
			runOnlyForDeploymentPostprocessing = 0;
		};
		000398461ADE3F9400A718EB /* Sources */ = {
			isa = PBXSourcesBuildPhase;
			buildActionMask = 2147483647;
			files = (
				000398511ADE3F9400A718EB /* MultiWaySildeBarTests.m in Sources */,
			);
			runOnlyForDeploymentPostprocessing = 0;
		};
/* End PBXSourcesBuildPhase section */

/* Begin PBXTargetDependency section */
		0003984C1ADE3F9400A718EB /* PBXTargetDependency */ = {
			isa = PBXTargetDependency;
			target = 000398301ADE3F9400A718EB /* MultiWaySildeBar */;
			targetProxy = 0003984B1ADE3F9400A718EB /* PBXContainerItemProxy */;
		};
/* End PBXTargetDependency section */

/* Begin PBXVariantGroup section */
		0003983E1ADE3F9400A718EB /* Main.storyboard */ = {
			isa = PBXVariantGroup;
			children = (
				0003983F1ADE3F9400A718EB /* Base */,
			);
			name = Main.storyboard;
			sourceTree = "<group>";
		};
		000398431ADE3F9400A718EB /* LaunchScreen.xib */ = {
			isa = PBXVariantGroup;
			children = (
				000398441ADE3F9400A718EB /* Base */,
			);
			name = LaunchScreen.xib;
			sourceTree = "<group>";
		};
/* End PBXVariantGroup section */

/* Begin XCBuildConfiguration section */
		000398521ADE3F9400A718EB /* Debug */ = {
			isa = XCBuildConfiguration;
			buildSettings = {
				ALWAYS_SEARCH_USER_PATHS = NO;
				CLANG_CXX_LANGUAGE_STANDARD = "gnu++0x";
				CLANG_CXX_LIBRARY = "libc++";
				CLANG_ENABLE_MODULES = YES;
				CLANG_ENABLE_OBJC_ARC = YES;
				CLANG_WARN_BOOL_CONVERSION = YES;
				CLANG_WARN_CONSTANT_CONVERSION = YES;
				CLANG_WARN_DIRECT_OBJC_ISA_USAGE = YES_ERROR;
				CLANG_WARN_EMPTY_BODY = YES;
				CLANG_WARN_ENUM_CONVERSION = YES;
				CLANG_WARN_INT_CONVERSION = YES;
				CLANG_WARN_OBJC_ROOT_CLASS = YES_ERROR;
				CLANG_WARN_UNREACHABLE_CODE = YES;
				CLANG_WARN__DUPLICATE_METHOD_MATCH = YES;
				"CODE_SIGN_IDENTITY[sdk=iphoneos*]" = "iPhone Developer";
				COPY_PHASE_STRIP = NO;
				ENABLE_STRICT_OBJC_MSGSEND = YES;
				GCC_C_LANGUAGE_STANDARD = gnu99;
				GCC_DYNAMIC_NO_PIC = NO;
				GCC_OPTIMIZATION_LEVEL = 0;
				GCC_PREPROCESSOR_DEFINITIONS = (
					"DEBUG=1",
					"$(inherited)",
				);
				GCC_SYMBOLS_PRIVATE_EXTERN = NO;
				GCC_WARN_64_TO_32_BIT_CONVERSION = YES;
				GCC_WARN_ABOUT_RETURN_TYPE = YES_ERROR;
				GCC_WARN_UNDECLARED_SELECTOR = YES;
				GCC_WARN_UNINITIALIZED_AUTOS = YES_AGGRESSIVE;
				GCC_WARN_UNUSED_FUNCTION = YES;
				GCC_WARN_UNUSED_VARIABLE = YES;
				IPHONEOS_DEPLOYMENT_TARGET = 8.2;
				MTL_ENABLE_DEBUG_INFO = YES;
				ONLY_ACTIVE_ARCH = YES;
				SDKROOT = iphoneos;
			};
			name = Debug;
		};
		000398531ADE3F9400A718EB /* Release */ = {
			isa = XCBuildConfiguration;
			buildSettings = {
				ALWAYS_SEARCH_USER_PATHS = NO;
				CLANG_CXX_LANGUAGE_STANDARD = "gnu++0x";
				CLANG_CXX_LIBRARY = "libc++";
				CLANG_ENABLE_MODULES = YES;
				CLANG_ENABLE_OBJC_ARC = YES;
				CLANG_WARN_BOOL_CONVERSION = YES;
				CLANG_WARN_CONSTANT_CONVERSION = YES;
				CLANG_WARN_DIRECT_OBJC_ISA_USAGE = YES_ERROR;
				CLANG_WARN_EMPTY_BODY = YES;
				CLANG_WARN_ENUM_CONVERSION = YES;
				CLANG_WARN_INT_CONVERSION = YES;
				CLANG_WARN_OBJC_ROOT_CLASS = YES_ERROR;
				CLANG_WARN_UNREACHABLE_CODE = YES;
				CLANG_WARN__DUPLICATE_METHOD_MATCH = YES;
				"CODE_SIGN_IDENTITY[sdk=iphoneos*]" = "iPhone Developer";
				COPY_PHASE_STRIP = NO;
				ENABLE_NS_ASSERTIONS = NO;
				ENABLE_STRICT_OBJC_MSGSEND = YES;
				GCC_C_LANGUAGE_STANDARD = gnu99;
				GCC_WARN_64_TO_32_BIT_CONVERSION = YES;
				GCC_WARN_ABOUT_RETURN_TYPE = YES_ERROR;
				GCC_WARN_UNDECLARED_SELECTOR = YES;
				GCC_WARN_UNINITIALIZED_AUTOS = YES_AGGRESSIVE;
				GCC_WARN_UNUSED_FUNCTION = YES;
				GCC_WARN_UNUSED_VARIABLE = YES;
				IPHONEOS_DEPLOYMENT_TARGET = 8.2;
				MTL_ENABLE_DEBUG_INFO = NO;
				SDKROOT = iphoneos;
				VALIDATE_PRODUCT = YES;
			};
			name = Release;
		};
		000398551ADE3F9400A718EB /* Debug */ = {
			isa = XCBuildConfiguration;
			buildSettings = {
				ASSETCATALOG_COMPILER_APPICON_NAME = AppIcon;
				INFOPLIST_FILE = MultiWaySildeBar/Info.plist;
				LD_RUNPATH_SEARCH_PATHS = "$(inherited) @executable_path/Frameworks";
				PRODUCT_NAME = "$(TARGET_NAME)";
			};
			name = Debug;
		};
		000398561ADE3F9400A718EB /* Release */ = {
			isa = XCBuildConfiguration;
			buildSettings = {
				ASSETCATALOG_COMPILER_APPICON_NAME = AppIcon;
				INFOPLIST_FILE = MultiWaySildeBar/Info.plist;
				LD_RUNPATH_SEARCH_PATHS = "$(inherited) @executable_path/Frameworks";
				PRODUCT_NAME = "$(TARGET_NAME)";
			};
			name = Release;
		};
		000398581ADE3F9400A718EB /* Debug */ = {
			isa = XCBuildConfiguration;
			buildSettings = {
				BUNDLE_LOADER = "$(TEST_HOST)";
				FRAMEWORK_SEARCH_PATHS = (
					"$(SDKROOT)/Developer/Library/Frameworks",
					"$(inherited)",
				);
				GCC_PREPROCESSOR_DEFINITIONS = (
					"DEBUG=1",
					"$(inherited)",
				);
				INFOPLIST_FILE = MultiWaySildeBarTests/Info.plist;
				LD_RUNPATH_SEARCH_PATHS = "$(inherited) @executable_path/Frameworks @loader_path/Frameworks";
				PRODUCT_NAME = "$(TARGET_NAME)";
				TEST_HOST = "$(BUILT_PRODUCTS_DIR)/MultiWaySildeBar.app/MultiWaySildeBar";
			};
			name = Debug;
		};
		000398591ADE3F9400A718EB /* Release */ = {
			isa = XCBuildConfiguration;
			buildSettings = {
				BUNDLE_LOADER = "$(TEST_HOST)";
				FRAMEWORK_SEARCH_PATHS = (
					"$(SDKROOT)/Developer/Library/Frameworks",
					"$(inherited)",
				);
				INFOPLIST_FILE = MultiWaySildeBarTests/Info.plist;
				LD_RUNPATH_SEARCH_PATHS = "$(inherited) @executable_path/Frameworks @loader_path/Frameworks";
				PRODUCT_NAME = "$(TARGET_NAME)";
				TEST_HOST = "$(BUILT_PRODUCTS_DIR)/MultiWaySildeBar.app/MultiWaySildeBar";
			};
			name = Release;
		};
/* End XCBuildConfiguration section */

/* Begin XCConfigurationList section */
		0003982C1ADE3F9400A718EB /* Build configuration list for PBXProject "MultiWaySildeBar" */ = {
			isa = XCConfigurationList;
			buildConfigurations = (
				000398521ADE3F9400A718EB /* Debug */,
				000398531ADE3F9400A718EB /* Release */,
			);
			defaultConfigurationIsVisible = 0;
			defaultConfigurationName = Release;
		};
		000398541ADE3F9400A718EB /* Build configuration list for PBXNativeTarget "MultiWaySildeBar" */ = {
			isa = XCConfigurationList;
			buildConfigurations = (
				000398551ADE3F9400A718EB /* Debug */,
				000398561ADE3F9400A718EB /* Release */,
			);
			defaultConfigurationIsVisible = 0;
		};
		000398571ADE3F9400A718EB /* Build configuration list for PBXNativeTarget "MultiWaySildeBarTests" */ = {
			isa = XCConfigurationList;
			buildConfigurations = (
				000398581ADE3F9400A718EB /* Debug */,
				000398591ADE3F9400A718EB /* Release */,
			);
			defaultConfigurationIsVisible = 0;
		};
/* End XCConfigurationList section */
	};
	rootObject = 000398291ADE3F9400A718EB /* Project object */;
}
